
Microsoft Visual Studio Solution File, Format Version 12.00
# Visual Studio Version 17
VisualStudioVersion = 17.5.002.0
MinimumVisualStudioVersion = 10.0.40219.1
Project("{9A19103F-16F7-4668-BE54-9A1E7A4F7556}") = "AS", "AS.csproj", "{79490753-FC25-45E5-832E-461D96E5DB80}"
EndProject
Global
	GlobalSection(SolutionConfigurationPlatforms) = preSolution
		Debug|Any CPU = Debug|Any CPU
		Release|Any CPU = Release|Any CPU
	EndGlobalSection
	GlobalSection(ProjectConfigurationPlatforms) = postSolution
		{79490753-FC25-45E5-832E-461D96E5DB80}.Debug|Any CPU.ActiveCfg = Debug|Any CPU
		{79490753-FC25-45E5-832E-461D96E5DB80}.Debug|Any CPU.Build.0 = Debug|Any CPU
		{79490753-FC25-45E5-832E-461D96E5DB80}.Release|Any CPU.ActiveCfg = Release|Any CPU
		{79490753-FC25-45E5-832E-461D96E5DB80}.Release|Any CPU.Build.0 = Release|Any CPU
	EndGlobalSection
	GlobalSection(SolutionProperties) = preSolution
		HideSolutionNode = FALSE
	EndGlobalSection
	GlobalSection(ExtensibilityGlobals) = postSolution
		SolutionGuid = {E42C8861-6305-42CE-9D83-6C3FF746CEAF}
	EndGlobalSection
EndGlobal
